// !$*UTF8*$!
{
	archiveVersion = 1;
	classes = {
	};
	objectVersion = 48;
	objects = {

/* Begin PBXBuildFile section */
		3D05B5EB20737B9600BB888C /* AppDelegate.swift in Sources */ = {isa = PBXBuildFile; fileRef = 3D05B5EA20737B9600BB888C /* AppDelegate.swift */; };
		3D05B5ED20737B9600BB888C /* SplashController.swift in Sources */ = {isa = PBXBuildFile; fileRef = 3D05B5EC20737B9600BB888C /* SplashController.swift */; };
		3D05B5F020737B9600BB888C /* Main.storyboard in Resources */ = {isa = PBXBuildFile; fileRef = 3D05B5EE20737B9600BB888C /* Main.storyboard */; };
		3D05B5F220737B9600BB888C /* Assets.xcassets in Resources */ = {isa = PBXBuildFile; fileRef = 3D05B5F120737B9600BB888C /* Assets.xcassets */; };
		3D05B5F520737B9600BB888C /* LaunchScreen.storyboard in Resources */ = {isa = PBXBuildFile; fileRef = 3D05B5F320737B9600BB888C /* LaunchScreen.storyboard */; };
		3D05B60020737CA700BB888C /* SplashView.swift in Sources */ = {isa = PBXBuildFile; fileRef = 3D05B5FF20737CA700BB888C /* SplashView.swift */; };
		3D05B60320737E3400BB888C /* extension splash.swift in Sources */ = {isa = PBXBuildFile; fileRef = 3D05B60220737E3400BB888C /* extension splash.swift */; };
		3D05B605207380BF00BB888C /* SignInViewController.swift in Sources */ = {isa = PBXBuildFile; fileRef = 3D05B604207380BE00BB888C /* SignInViewController.swift */; };
		3D08DFFA20754CDD00E6202F /* SignInView.swift in Sources */ = {isa = PBXBuildFile; fileRef = 3D08DFF920754CDD00E6202F /* SignInView.swift */; };
		3D08DFFC2076687500E6202F /* GoogleService-Info.plist in Resources */ = {isa = PBXBuildFile; fileRef = 3D08DFFB2076687400E6202F /* GoogleService-Info.plist */; };
		3D08E04C2076D07F00E6202F /* SVRadialGradientLayer.m in Sources */ = {isa = PBXBuildFile; fileRef = 3D08E0422076D07D00E6202F /* SVRadialGradientLayer.m */; };
		3D08E04D2076D07F00E6202F /* SVProgressAnimatedView.m in Sources */ = {isa = PBXBuildFile; fileRef = 3D08E0432076D07D00E6202F /* SVProgressAnimatedView.m */; };
		3D08E04E2076D07F00E6202F /* SVProgressHUD.m in Sources */ = {isa = PBXBuildFile; fileRef = 3D08E0472076D07E00E6202F /* SVProgressHUD.m */; };
		3D08E04F2076D07F00E6202F /* SVProgressHUD.bundle in Resources */ = {isa = PBXBuildFile; fileRef = 3D08E0482076D07E00E6202F /* SVProgressHUD.bundle */; };
		3D08E0502076D07F00E6202F /* SVIndefiniteAnimatedView.m in Sources */ = {isa = PBXBuildFile; fileRef = 3D08E04A2076D07F00E6202F /* SVIndefiniteAnimatedView.m */; };
		3D08E0522076D14100E6202F /* CustomUI.swift in Sources */ = {isa = PBXBuildFile; fileRef = 3D08E0512076D14100E6202F /* CustomUI.swift */; };
		6E3AC76E48EE14E1C850BB1A /* Pods_Splash.framework in Frameworks */ = {isa = PBXBuildFile; fileRef = C5B6205B69D7DC9D3FA42D54 /* Pods_Splash.framework */; };
/* End PBXBuildFile section */

/* Begin PBXFileReference section */
		3D05B5E720737B9600BB888C /* Splash.app */ = {isa = PBXFileReference; explicitFileType = wrapper.application; includeInIndex = 0; path = Splash.app; sourceTree = BUILT_PRODUCTS_DIR; };
		3D05B5EA20737B9600BB888C /* AppDelegate.swift */ = {isa = PBXFileReference; lastKnownFileType = sourcecode.swift; path = AppDelegate.swift; sourceTree = "<group>"; };
		3D05B5EC20737B9600BB888C /* SplashController.swift */ = {isa = PBXFileReference; lastKnownFileType = sourcecode.swift; path = SplashController.swift; sourceTree = "<group>"; };
		3D05B5EF20737B9600BB888C /* Base */ = {isa = PBXFileReference; lastKnownFileType = file.storyboard; name = Base; path = Base.lproj/Main.storyboard; sourceTree = "<group>"; };
		3D05B5F120737B9600BB888C /* Assets.xcassets */ = {isa = PBXFileReference; lastKnownFileType = folder.assetcatalog; path = Assets.xcassets; sourceTree = "<group>"; };
		3D05B5F420737B9600BB888C /* Base */ = {isa = PBXFileReference; lastKnownFileType = file.storyboard; name = Base; path = Base.lproj/LaunchScreen.storyboard; sourceTree = "<group>"; };
		3D05B5F620737B9600BB888C /* Info.plist */ = {isa = PBXFileReference; lastKnownFileType = text.plist.xml; path = Info.plist; sourceTree = "<group>"; };
		3D05B5FF20737CA700BB888C /* SplashView.swift */ = {isa = PBXFileReference; lastKnownFileType = sourcecode.swift; path = SplashView.swift; sourceTree = "<group>"; };
		3D05B60220737E3400BB888C /* extension splash.swift */ = {isa = PBXFileReference; lastKnownFileType = sourcecode.swift; path = "extension splash.swift"; sourceTree = "<group>"; };
		3D05B604207380BE00BB888C /* SignInViewController.swift */ = {isa = PBXFileReference; lastKnownFileType = sourcecode.swift; path = SignInViewController.swift; sourceTree = "<group>"; };
		3D08DFF920754CDD00E6202F /* SignInView.swift */ = {isa = PBXFileReference; lastKnownFileType = sourcecode.swift; path = SignInView.swift; sourceTree = "<group>"; };
		3D08DFFB2076687400E6202F /* GoogleService-Info.plist */ = {isa = PBXFileReference; fileEncoding = 4; lastKnownFileType = text.plist.xml; path = "GoogleService-Info.plist"; sourceTree = "<group>"; };
		3D08E0172076C3B400E6202F /* SVRadialGradientLayer.m */ = {isa = PBXFileReference; lastKnownFileType = sourcecode.c.objc; path = SVRadialGradientLayer.m; sourceTree = "<group>"; };
		3D08E0182076C3B400E6202F /* SVIndefiniteAnimatedView.h */ = {isa = PBXFileReference; lastKnownFileType = sourcecode.c.h; path = SVIndefiniteAnimatedView.h; sourceTree = "<group>"; };
		3D08E0192076C3B400E6202F /* SVProgressHUD.h */ = {isa = PBXFileReference; lastKnownFileType = sourcecode.c.h; path = SVProgressHUD.h; sourceTree = "<group>"; };
		3D08E01A2076C3B400E6202F /* SVProgressAnimatedView.m */ = {isa = PBXFileReference; lastKnownFileType = sourcecode.c.objc; path = SVProgressAnimatedView.m; sourceTree = "<group>"; };
		3D08E01B2076C3B400E6202F /* SVProgressHUD-Prefix.pch */ = {isa = PBXFileReference; lastKnownFileType = sourcecode.c.h; path = "SVProgressHUD-Prefix.pch"; sourceTree = "<group>"; };
		3D08E01C2076C3B400E6202F /* SVRadialGradientLayer.h */ = {isa = PBXFileReference; lastKnownFileType = sourcecode.c.h; path = SVRadialGradientLayer.h; sourceTree = "<group>"; };
		3D08E01D2076C3B400E6202F /* SVProgressHUD.m */ = {isa = PBXFileReference; lastKnownFileType = sourcecode.c.objc; path = SVProgressHUD.m; sourceTree = "<group>"; };
		3D08E01E2076C3B400E6202F /* SVIndefiniteAnimatedView.m */ = {isa = PBXFileReference; lastKnownFileType = sourcecode.c.objc; path = SVIndefiniteAnimatedView.m; sourceTree = "<group>"; };
		3D08E01F2076C3B400E6202F /* SVProgressHUD.bundle */ = {isa = PBXFileReference; lastKnownFileType = "wrapper.plug-in"; path = SVProgressHUD.bundle; sourceTree = "<group>"; };
		3D08E0202076C3B400E6202F /* SVProgressAnimatedView.h */ = {isa = PBXFileReference; lastKnownFileType = sourcecode.c.h; path = SVProgressAnimatedView.h; sourceTree = "<group>"; };
		3D08E0222076C4A000E6202F /* SVRadialGradientLayer.m */ = {isa = PBXFileReference; lastKnownFileType = sourcecode.c.objc; path = SVRadialGradientLayer.m; sourceTree = "<group>"; };
		3D08E0232076C4A000E6202F /* SVIndefiniteAnimatedView.h */ = {isa = PBXFileReference; lastKnownFileType = sourcecode.c.h; path = SVIndefiniteAnimatedView.h; sourceTree = "<group>"; };
		3D08E0242076C4A000E6202F /* SVProgressHUD.h */ = {isa = PBXFileReference; lastKnownFileType = sourcecode.c.h; path = SVProgressHUD.h; sourceTree = "<group>"; };
		3D08E0252076C4A000E6202F /* SVProgressAnimatedView.m */ = {isa = PBXFileReference; lastKnownFileType = sourcecode.c.objc; path = SVProgressAnimatedView.m; sourceTree = "<group>"; };
		3D08E0262076C4A000E6202F /* SVProgressHUD-Prefix.pch */ = {isa = PBXFileReference; lastKnownFileType = sourcecode.c.h; path = "SVProgressHUD-Prefix.pch"; sourceTree = "<group>"; };
		3D08E0272076C4A000E6202F /* SVRadialGradientLayer.h */ = {isa = PBXFileReference; lastKnownFileType = sourcecode.c.h; path = SVRadialGradientLayer.h; sourceTree = "<group>"; };
		3D08E0282076C4A000E6202F /* SVProgressHUD.m */ = {isa = PBXFileReference; lastKnownFileType = sourcecode.c.objc; path = SVProgressHUD.m; sourceTree = "<group>"; };
		3D08E0292076C4A000E6202F /* SVIndefiniteAnimatedView.m */ = {isa = PBXFileReference; lastKnownFileType = sourcecode.c.objc; path = SVIndefiniteAnimatedView.m; sourceTree = "<group>"; };
		3D08E02A2076C4A000E6202F /* SVProgressHUD.bundle */ = {isa = PBXFileReference; lastKnownFileType = "wrapper.plug-in"; path = SVProgressHUD.bundle; sourceTree = "<group>"; };
		3D08E02B2076C4A000E6202F /* SVProgressAnimatedView.h */ = {isa = PBXFileReference; lastKnownFileType = sourcecode.c.h; path = SVProgressAnimatedView.h; sourceTree = "<group>"; };
		3D08E03B2076CC9E00E6202F /* Splash-Bridging-Header.h */ = {isa = PBXFileReference; lastKnownFileType = sourcecode.c.h; path = "Splash-Bridging-Header.h"; sourceTree = "<group>"; };
		3D08E0422076D07D00E6202F /* SVRadialGradientLayer.m */ = {isa = PBXFileReference; fileEncoding = 4; lastKnownFileType = sourcecode.c.objc; path = SVRadialGradientLayer.m; sourceTree = "<group>"; };
		3D08E0432076D07D00E6202F /* SVProgressAnimatedView.m */ = {isa = PBXFileReference; fileEncoding = 4; lastKnownFileType = sourcecode.c.objc; path = SVProgressAnimatedView.m; sourceTree = "<group>"; };
		3D08E0442076D07D00E6202F /* SVProgressAnimatedView.h */ = {isa = PBXFileReference; fileEncoding = 4; lastKnownFileType = sourcecode.c.h; path = SVProgressAnimatedView.h; sourceTree = "<group>"; };
		3D08E0452076D07E00E6202F /* SVProgressHUD-Prefix.pch */ = {isa = PBXFileReference; fileEncoding = 4; lastKnownFileType = sourcecode.c.h; path = "SVProgressHUD-Prefix.pch"; sourceTree = "<group>"; };
		3D08E0462076D07E00E6202F /* SVIndefiniteAnimatedView.h */ = {isa = PBXFileReference; fileEncoding = 4; lastKnownFileType = sourcecode.c.h; path = SVIndefiniteAnimatedView.h; sourceTree = "<group>"; };
		3D08E0472076D07E00E6202F /* SVProgressHUD.m */ = {isa = PBXFileReference; fileEncoding = 4; lastKnownFileType = sourcecode.c.objc; path = SVProgressHUD.m; sourceTree = "<group>"; };
		3D08E0482076D07E00E6202F /* SVProgressHUD.bundle */ = {isa = PBXFileReference; lastKnownFileType = "wrapper.plug-in"; path = SVProgressHUD.bundle; sourceTree = "<group>"; };
		3D08E0492076D07E00E6202F /* SVProgressHUD.h */ = {isa = PBXFileReference; fileEncoding = 4; lastKnownFileType = sourcecode.c.h; path = SVProgressHUD.h; sourceTree = "<group>"; };
		3D08E04A2076D07F00E6202F /* SVIndefiniteAnimatedView.m */ = {isa = PBXFileReference; fileEncoding = 4; lastKnownFileType = sourcecode.c.objc; path = SVIndefiniteAnimatedView.m; sourceTree = "<group>"; };
		3D08E04B2076D07F00E6202F /* SVRadialGradientLayer.h */ = {isa = PBXFileReference; fileEncoding = 4; lastKnownFileType = sourcecode.c.h; path = SVRadialGradientLayer.h; sourceTree = "<group>"; };
		3D08E0512076D14100E6202F /* CustomUI.swift */ = {isa = PBXFileReference; lastKnownFileType = sourcecode.swift; path = CustomUI.swift; sourceTree = "<group>"; };
		C5B6205B69D7DC9D3FA42D54 /* Pods_Splash.framework */ = {isa = PBXFileReference; explicitFileType = wrapper.framework; includeInIndex = 0; path = Pods_Splash.framework; sourceTree = BUILT_PRODUCTS_DIR; };
		CDC2D1279D181DA62A9BAB55 /* Pods-Splash.release.xcconfig */ = {isa = PBXFileReference; includeInIndex = 1; lastKnownFileType = text.xcconfig; name = "Pods-Splash.release.xcconfig"; path = "Pods/Target Support Files/Pods-Splash/Pods-Splash.release.xcconfig"; sourceTree = "<group>"; };
		D8AE4D4DD26DCA1464B2620C /* Pods-Splash.debug.xcconfig */ = {isa = PBXFileReference; includeInIndex = 1; lastKnownFileType = text.xcconfig; name = "Pods-Splash.debug.xcconfig"; path = "Pods/Target Support Files/Pods-Splash/Pods-Splash.debug.xcconfig"; sourceTree = "<group>"; };
/* End PBXFileReference section */

/* Begin PBXFrameworksBuildPhase section */
		3D05B5E420737B9600BB888C /* Frameworks */ = {
			isa = PBXFrameworksBuildPhase;
			buildActionMask = 2147483647;
			files = (
				6E3AC76E48EE14E1C850BB1A /* Pods_Splash.framework in Frameworks */,
			);
			runOnlyForDeploymentPostprocessing = 0;
		};
/* End PBXFrameworksBuildPhase section */

/* Begin PBXGroup section */
		3D05B5DE20737B9600BB888C = {
			isa = PBXGroup;
			children = (
				3D05B5E920737B9600BB888C /* Splash */,
				3D08E02C2076C4C800E6202F /* SVProgressHUD */,
				3D05B5E820737B9600BB888C /* Products */,
				B0362FC17206D03F60EA392C /* Pods */,
				57DE6DBBD255D4B82AC265C7 /* Frameworks */,
			);
			sourceTree = "<group>";
		};
		3D05B5E820737B9600BB888C /* Products */ = {
			isa = PBXGroup;
			children = (
				3D05B5E720737B9600BB888C /* Splash.app */,
			);
			name = Products;
			sourceTree = "<group>";
		};
		3D05B5E920737B9600BB888C /* Splash */ = {
			isa = PBXGroup;
			children = (
				3D05B60120737DF700BB888C /* Extension */,
				3D05B5FC20737C6F00BB888C /* Model */,
				3D05B5FD20737C7B00BB888C /* View */,
				3D05B5FE20737C8200BB888C /* Controller */,
				3D05B5EA20737B9600BB888C /* AppDelegate.swift */,
				3D05B5EE20737B9600BB888C /* Main.storyboard */,
				3D05B5F120737B9600BB888C /* Assets.xcassets */,
				3D05B5F320737B9600BB888C /* LaunchScreen.storyboard */,
				3D05B5F620737B9600BB888C /* Info.plist */,
				3D08DFFB2076687400E6202F /* GoogleService-Info.plist */,
			);
			path = Splash;
			sourceTree = "<group>";
		};
		3D05B5FC20737C6F00BB888C /* Model */ = {
			isa = PBXGroup;
			children = (
			);
			path = Model;
			sourceTree = "<group>";
		};
		3D05B5FD20737C7B00BB888C /* View */ = {
			isa = PBXGroup;
			children = (
				3D05B5FF20737CA700BB888C /* SplashView.swift */,
				3D08DFF920754CDD00E6202F /* SignInView.swift */,
				3D08E0512076D14100E6202F /* CustomUI.swift */,
			);
			path = View;
			sourceTree = "<group>";
		};
		3D05B5FE20737C8200BB888C /* Controller */ = {
			isa = PBXGroup;
			children = (
				3D05B5EC20737B9600BB888C /* SplashController.swift */,
				3D05B604207380BE00BB888C /* SignInViewController.swift */,
			);
			path = Controller;
			sourceTree = "<group>";
		};
		3D05B60120737DF700BB888C /* Extension */ = {
			isa = PBXGroup;
			children = (
				3D05B60220737E3400BB888C /* extension splash.swift */,
			);
			path = Extension;
			sourceTree = "<group>";
		};
		3D08E0162076C3B400E6202F /* SVProgressHUD */ = {
			isa = PBXGroup;
			children = (
				3D08E0172076C3B400E6202F /* SVRadialGradientLayer.m */,
				3D08E0182076C3B400E6202F /* SVIndefiniteAnimatedView.h */,
				3D08E0192076C3B400E6202F /* SVProgressHUD.h */,
				3D08E01A2076C3B400E6202F /* SVProgressAnimatedView.m */,
				3D08E01B2076C3B400E6202F /* SVProgressHUD-Prefix.pch */,
				3D08E01C2076C3B400E6202F /* SVRadialGradientLayer.h */,
				3D08E01D2076C3B400E6202F /* SVProgressHUD.m */,
				3D08E01E2076C3B400E6202F /* SVIndefiniteAnimatedView.m */,
				3D08E01F2076C3B400E6202F /* SVProgressHUD.bundle */,
				3D08E0202076C3B400E6202F /* SVProgressAnimatedView.h */,
			);
			name = SVProgressHUD;
			path = "../../Objective-C Playground/CreatingNodeServer/CreatingNodeServer/SVProgressHUD";
			sourceTree = "<group>";
		};
		3D08E0212076C4A000E6202F /* SVProgressHUD */ = {
			isa = PBXGroup;
			children = (
				3D08E0222076C4A000E6202F /* SVRadialGradientLayer.m */,
				3D08E0232076C4A000E6202F /* SVIndefiniteAnimatedView.h */,
				3D08E0242076C4A000E6202F /* SVProgressHUD.h */,
				3D08E0252076C4A000E6202F /* SVProgressAnimatedView.m */,
				3D08E0262076C4A000E6202F /* SVProgressHUD-Prefix.pch */,
				3D08E0272076C4A000E6202F /* SVRadialGradientLayer.h */,
				3D08E0282076C4A000E6202F /* SVProgressHUD.m */,
				3D08E0292076C4A000E6202F /* SVIndefiniteAnimatedView.m */,
				3D08E02A2076C4A000E6202F /* SVProgressHUD.bundle */,
				3D08E02B2076C4A000E6202F /* SVProgressAnimatedView.h */,
			);
			name = SVProgressHUD;
			path = "../../Objective-C Playground/CreatingNodeServer/CreatingNodeServer/SVProgressHUD";
			sourceTree = "<group>";
		};
		3D08E02C2076C4C800E6202F /* SVProgressHUD */ = {
			isa = PBXGroup;
			children = (
				3D08E0462076D07E00E6202F /* SVIndefiniteAnimatedView.h */,
				3D08E04A2076D07F00E6202F /* SVIndefiniteAnimatedView.m */,
				3D08E0442076D07D00E6202F /* SVProgressAnimatedView.h */,
				3D08E0432076D07D00E6202F /* SVProgressAnimatedView.m */,
				3D08E0452076D07E00E6202F /* SVProgressHUD-Prefix.pch */,
				3D08E0482076D07E00E6202F /* SVProgressHUD.bundle */,
				3D08E0492076D07E00E6202F /* SVProgressHUD.h */,
				3D08E0472076D07E00E6202F /* SVProgressHUD.m */,
				3D08E04B2076D07F00E6202F /* SVRadialGradientLayer.h */,
				3D08E0422076D07D00E6202F /* SVRadialGradientLayer.m */,
				3D08E03B2076CC9E00E6202F /* Splash-Bridging-Header.h */,
			);
			path = SVProgressHUD;
			sourceTree = "<group>";
		};
		57DE6DBBD255D4B82AC265C7 /* Frameworks */ = {
			isa = PBXGroup;
			children = (
				3D08E0162076C3B400E6202F /* SVProgressHUD */,
				3D08E0212076C4A000E6202F /* SVProgressHUD */,
				C5B6205B69D7DC9D3FA42D54 /* Pods_Splash.framework */,
			);
			name = Frameworks;
			sourceTree = "<group>";
		};
		B0362FC17206D03F60EA392C /* Pods */ = {
			isa = PBXGroup;
			children = (
				D8AE4D4DD26DCA1464B2620C /* Pods-Splash.debug.xcconfig */,
				CDC2D1279D181DA62A9BAB55 /* Pods-Splash.release.xcconfig */,
			);
			name = Pods;
			sourceTree = "<group>";
		};
/* End PBXGroup section */

/* Begin PBXNativeTarget section */
		3D05B5E620737B9600BB888C /* Splash */ = {
			isa = PBXNativeTarget;
			buildConfigurationList = 3D05B5F920737B9600BB888C /* Build configuration list for PBXNativeTarget "Splash" */;
			buildPhases = (
				AAC14EB3C8DC4F02247E7170 /* [CP] Check Pods Manifest.lock */,
				3D05B5E320737B9600BB888C /* Sources */,
				3D05B5E420737B9600BB888C /* Frameworks */,
				3D05B5E520737B9600BB888C /* Resources */,
				8AC6A727A67E0ABC399DF137 /* [CP] Embed Pods Frameworks */,
				11A43531FF22A9BC8B888904 /* [CP] Copy Pods Resources */,
			);
			buildRules = (
			);
			dependencies = (
			);
			name = Splash;
			productName = Splash;
			productReference = 3D05B5E720737B9600BB888C /* Splash.app */;
			productType = "com.apple.product-type.application";
		};
/* End PBXNativeTarget section */

/* Begin PBXProject section */
		3D05B5DF20737B9600BB888C /* Project object */ = {
			isa = PBXProject;
			attributes = {
				LastSwiftUpdateCheck = 0920;
				LastUpgradeCheck = 0920;
				ORGANIZATIONNAME = "HAI DANG";
				TargetAttributes = {
					3D05B5E620737B9600BB888C = {
						CreatedOnToolsVersion = 9.2;
						LastSwiftMigration = 0920;
						ProvisioningStyle = Automatic;
					};
				};
			};
			buildConfigurationList = 3D05B5E220737B9600BB888C /* Build configuration list for PBXProject "Splash" */;
			compatibilityVersion = "Xcode 8.0";
			developmentRegion = en;
			hasScannedForEncodings = 0;
			knownRegions = (
				en,
				Base,
			);
			mainGroup = 3D05B5DE20737B9600BB888C;
			productRefGroup = 3D05B5E820737B9600BB888C /* Products */;
			projectDirPath = "";
			projectRoot = "";
			targets = (
				3D05B5E620737B9600BB888C /* Splash */,
			);
		};
/* End PBXProject section */

/* Begin PBXResourcesBuildPhase section */
		3D05B5E520737B9600BB888C /* Resources */ = {
			isa = PBXResourcesBuildPhase;
			buildActionMask = 2147483647;
			files = (
				3D08E04F2076D07F00E6202F /* SVProgressHUD.bundle in Resources */,
				3D05B5F520737B9600BB888C /* LaunchScreen.storyboard in Resources */,
				3D08DFFC2076687500E6202F /* GoogleService-Info.plist in Resources */,
				3D05B5F220737B9600BB888C /* Assets.xcassets in Resources */,
				3D05B5F020737B9600BB888C /* Main.storyboard in Resources */,
			);
			runOnlyForDeploymentPostprocessing = 0;
		};
/* End PBXResourcesBuildPhase section */

/* Begin PBXShellScriptBuildPhase section */
		11A43531FF22A9BC8B888904 /* [CP] Copy Pods Resources */ = {
			isa = PBXShellScriptBuildPhase;
			buildActionMask = 2147483647;
			files = (
			);
			inputPaths = (
			);
			name = "[CP] Copy Pods Resources";
			outputPaths = (
			);
			runOnlyForDeploymentPostprocessing = 0;
			shellPath = /bin/sh;
			shellScript = "\"${SRCROOT}/Pods/Target Support Files/Pods-Splash/Pods-Splash-resources.sh\"\n";
			showEnvVarsInLog = 0;
		};
		8AC6A727A67E0ABC399DF137 /* [CP] Embed Pods Frameworks */ = {
			isa = PBXShellScriptBuildPhase;
			buildActionMask = 2147483647;
			files = (
			);
			inputPaths = (
				"${SRCROOT}/Pods/Target Support Files/Pods-Splash/Pods-Splash-frameworks.sh",
				"${BUILT_PRODUCTS_DIR}/GTMSessionFetcher/GTMSessionFetcher.framework",
				"${BUILT_PRODUCTS_DIR}/GoogleToolboxForMac/GoogleToolboxForMac.framework",
				"${BUILT_PRODUCTS_DIR}/leveldb-library/leveldb.framework",
				"${BUILT_PRODUCTS_DIR}/nanopb/nanopb.framework",
			);
			name = "[CP] Embed Pods Frameworks";
			outputPaths = (
				"${TARGET_BUILD_DIR}/${FRAMEWORKS_FOLDER_PATH}/GTMSessionFetcher.framework",
				"${TARGET_BUILD_DIR}/${FRAMEWORKS_FOLDER_PATH}/GoogleToolboxForMac.framework",
				"${TARGET_BUILD_DIR}/${FRAMEWORKS_FOLDER_PATH}/leveldb.framework",
				"${TARGET_BUILD_DIR}/${FRAMEWORKS_FOLDER_PATH}/nanopb.framework",
			);
			runOnlyForDeploymentPostprocessing = 0;
			shellPath = /bin/sh;
			shellScript = "\"${SRCROOT}/Pods/Target Support Files/Pods-Splash/Pods-Splash-frameworks.sh\"\n";
			showEnvVarsInLog = 0;
		};
		AAC14EB3C8DC4F02247E7170 /* [CP] Check Pods Manifest.lock */ = {
			isa = PBXShellScriptBuildPhase;
			buildActionMask = 2147483647;
			files = (
			);
			inputPaths = (
				"${PODS_PODFILE_DIR_PATH}/Podfile.lock",
				"${PODS_ROOT}/Manifest.lock",
			);
			name = "[CP] Check Pods Manifest.lock";
			outputPaths = (
				"$(DERIVED_FILE_DIR)/Pods-Splash-checkManifestLockResult.txt",
			);
			runOnlyForDeploymentPostprocessing = 0;
			shellPath = /bin/sh;
			shellScript = "diff \"${PODS_PODFILE_DIR_PATH}/Podfile.lock\" \"${PODS_ROOT}/Manifest.lock\" > /dev/null\nif [ $? != 0 ] ; then\n    # print error to STDERR\n    echo \"error: The sandbox is not in sync with the Podfile.lock. Run 'pod install' or update your CocoaPods installation.\" >&2\n    exit 1\nfi\n# This output is used by Xcode 'outputs' to avoid re-running this script phase.\necho \"SUCCESS\" > \"${SCRIPT_OUTPUT_FILE_0}\"\n";
			showEnvVarsInLog = 0;
		};
/* End PBXShellScriptBuildPhase section */

/* Begin PBXSourcesBuildPhase section */
		3D05B5E320737B9600BB888C /* Sources */ = {
			isa = PBXSourcesBuildPhase;
			buildActionMask = 2147483647;
			files = (
				3D08E04C2076D07F00E6202F /* SVRadialGradientLayer.m in Sources */,
				3D08E0522076D14100E6202F /* CustomUI.swift in Sources */,
				3D08DFFA20754CDD00E6202F /* SignInView.swift in Sources */,
				3D05B60020737CA700BB888C /* SplashView.swift in Sources */,
				3D05B60320737E3400BB888C /* extension splash.swift in Sources */,
				3D05B5ED20737B9600BB888C /* SplashController.swift in Sources */,
				3D08E0502076D07F00E6202F /* SVIndefiniteAnimatedView.m in Sources */,
				3D08E04E2076D07F00E6202F /* SVProgressHUD.m in Sources */,
				3D05B605207380BF00BB888C /* SignInViewController.swift in Sources */,
				3D05B5EB20737B9600BB888C /* AppDelegate.swift in Sources */,
				3D08E04D2076D07F00E6202F /* SVProgressAnimatedView.m in Sources */,
			);
			runOnlyForDeploymentPostprocessing = 0;
		};
/* End PBXSourcesBuildPhase section */

/* Begin PBXVariantGroup section */
		3D05B5EE20737B9600BB888C /* Main.storyboard */ = {
			isa = PBXVariantGroup;
			children = (
				3D05B5EF20737B9600BB888C /* Base */,
			);
			name = Main.storyboard;
			sourceTree = "<group>";
		};
		3D05B5F320737B9600BB888C /* LaunchScreen.storyboard */ = {
			isa = PBXVariantGroup;
			children = (
				3D05B5F420737B9600BB888C /* Base */,
			);
			name = LaunchScreen.storyboard;
			sourceTree = "<group>";
		};
/* End PBXVariantGroup section */

/* Begin XCBuildConfiguration section */
		3D05B5F720737B9600BB888C /* Debug */ = {
			isa = XCBuildConfiguration;
			buildSettings = {
				ALWAYS_SEARCH_USER_PATHS = NO;
				CLANG_ANALYZER_NONNULL = YES;
				CLANG_ANALYZER_NUMBER_OBJECT_CONVERSION = YES_AGGRESSIVE;
				CLANG_CXX_LANGUAGE_STANDARD = "gnu++14";
				CLANG_CXX_LIBRARY = "libc++";
				CLANG_ENABLE_MODULES = YES;
				CLANG_ENABLE_OBJC_ARC = YES;
				CLANG_WARN_BLOCK_CAPTURE_AUTORELEASING = YES;
				CLANG_WARN_BOOL_CONVERSION = YES;
				CLANG_WARN_COMMA = YES;
				CLANG_WARN_CONSTANT_CONVERSION = YES;
				CLANG_WARN_DIRECT_OBJC_ISA_USAGE = YES_ERROR;
				CLANG_WARN_DOCUMENTATION_COMMENTS = YES;
				CLANG_WARN_EMPTY_BODY = YES;
				CLANG_WARN_ENUM_CONVERSION = YES;
				CLANG_WARN_INFINITE_RECURSION = YES;
				CLANG_WARN_INT_CONVERSION = YES;
				CLANG_WARN_NON_LITERAL_NULL_CONVERSION = YES;
				CLANG_WARN_OBJC_LITERAL_CONVERSION = YES;
				CLANG_WARN_OBJC_ROOT_CLASS = YES_ERROR;
				CLANG_WARN_RANGE_LOOP_ANALYSIS = YES;
				CLANG_WARN_STRICT_PROTOTYPES = YES;
				CLANG_WARN_SUSPICIOUS_MOVE = YES;
				CLANG_WARN_UNGUARDED_AVAILABILITY = YES_AGGRESSIVE;
				CLANG_WARN_UNREACHABLE_CODE = YES;
				CLANG_WARN__DUPLICATE_METHOD_MATCH = YES;
				CODE_SIGN_IDENTITY = "iPhone Developer";
				COPY_PHASE_STRIP = NO;
				DEBUG_INFORMATION_FORMAT = dwarf;
				ENABLE_STRICT_OBJC_MSGSEND = YES;
				ENABLE_TESTABILITY = YES;
				GCC_C_LANGUAGE_STANDARD = gnu11;
				GCC_DYNAMIC_NO_PIC = NO;
				GCC_NO_COMMON_BLOCKS = YES;
				GCC_OPTIMIZATION_LEVEL = 0;
				GCC_PREPROCESSOR_DEFINITIONS = (
					"DEBUG=1",
					"$(inherited)",
				);
				GCC_WARN_64_TO_32_BIT_CONVERSION = YES;
				GCC_WARN_ABOUT_RETURN_TYPE = YES_ERROR;
				GCC_WARN_UNDECLARED_SELECTOR = YES;
				GCC_WARN_UNINITIALIZED_AUTOS = YES_AGGRESSIVE;
				GCC_WARN_UNUSED_FUNCTION = YES;
				GCC_WARN_UNUSED_VARIABLE = YES;
				IPHONEOS_DEPLOYMENT_TARGET = 11.2;
				MTL_ENABLE_DEBUG_INFO = YES;
				ONLY_ACTIVE_ARCH = YES;
				SDKROOT = iphoneos;
				SWIFT_ACTIVE_COMPILATION_CONDITIONS = DEBUG;
				SWIFT_OPTIMIZATION_LEVEL = "-Onone";
			};
			name = Debug;
		};
		3D05B5F820737B9600BB888C /* Release */ = {
			isa = XCBuildConfiguration;
			buildSettings = {
				ALWAYS_SEARCH_USER_PATHS = NO;
				CLANG_ANALYZER_NONNULL = YES;
				CLANG_ANALYZER_NUMBER_OBJECT_CONVERSION = YES_AGGRESSIVE;
				CLANG_CXX_LANGUAGE_STANDARD = "gnu++14";
				CLANG_CXX_LIBRARY = "libc++";
				CLANG_ENABLE_MODULES = YES;
				CLANG_ENABLE_OBJC_ARC = YES;
				CLANG_WARN_BLOCK_CAPTURE_AUTORELEASING = YES;
				CLANG_WARN_BOOL_CONVERSION = YES;
				CLANG_WARN_COMMA = YES;
				CLANG_WARN_CONSTANT_CONVERSION = YES;
				CLANG_WARN_DIRECT_OBJC_ISA_USAGE = YES_ERROR;
				CLANG_WARN_DOCUMENTATION_COMMENTS = YES;
				CLANG_WARN_EMPTY_BODY = YES;
				CLANG_WARN_ENUM_CONVERSION = YES;
				CLANG_WARN_INFINITE_RECURSION = YES;
				CLANG_WARN_INT_CONVERSION = YES;
				CLANG_WARN_NON_LITERAL_NULL_CONVERSION = YES;
				CLANG_WARN_OBJC_LITERAL_CONVERSION = YES;
				CLANG_WARN_OBJC_ROOT_CLASS = YES_ERROR;
				CLANG_WARN_RANGE_LOOP_ANALYSIS = YES;
				CLANG_WARN_STRICT_PROTOTYPES = YES;
				CLANG_WARN_SUSPICIOUS_MOVE = YES;
				CLANG_WARN_UNGUARDED_AVAILABILITY = YES_AGGRESSIVE;
				CLANG_WARN_UNREACHABLE_CODE = YES;
				CLANG_WARN__DUPLICATE_METHOD_MATCH = YES;
				CODE_SIGN_IDENTITY = "iPhone Developer";
				COPY_PHASE_STRIP = NO;
				DEBUG_INFORMATION_FORMAT = "dwarf-with-dsym";
				ENABLE_NS_ASSERTIONS = NO;
				ENABLE_STRICT_OBJC_MSGSEND = YES;
				GCC_C_LANGUAGE_STANDARD = gnu11;
				GCC_NO_COMMON_BLOCKS = YES;
				GCC_WARN_64_TO_32_BIT_CONVERSION = YES;
				GCC_WARN_ABOUT_RETURN_TYPE = YES_ERROR;
				GCC_WARN_UNDECLARED_SELECTOR = YES;
				GCC_WARN_UNINITIALIZED_AUTOS = YES_AGGRESSIVE;
				GCC_WARN_UNUSED_FUNCTION = YES;
				GCC_WARN_UNUSED_VARIABLE = YES;
				IPHONEOS_DEPLOYMENT_TARGET = 11.2;
				MTL_ENABLE_DEBUG_INFO = NO;
				SDKROOT = iphoneos;
				SWIFT_OPTIMIZATION_LEVEL = "-Owholemodule";
				VALIDATE_PRODUCT = YES;
			};
			name = Release;
		};
		3D05B5FA20737B9600BB888C /* Debug */ = {
			isa = XCBuildConfiguration;
			baseConfigurationReference = D8AE4D4DD26DCA1464B2620C /* Pods-Splash.debug.xcconfig */;
			buildSettings = {
				ASSETCATALOG_COMPILER_APPICON_NAME = AppIcon;
				CLANG_ENABLE_MODULES = YES;
				CODE_SIGN_STYLE = Automatic;
				DEVELOPMENT_TEAM = D2A5RB5J4C;
				INFOPLIST_FILE = Splash/Info.plist;
				IPHONEOS_DEPLOYMENT_TARGET = 11.2;
				LD_RUNPATH_SEARCH_PATHS = "$(inherited) @executable_path/Frameworks";
				PRODUCT_BUNDLE_IDENTIFIER = com.phdang.Splash;
				PRODUCT_NAME = "$(TARGET_NAME)";
				SWIFT_OBJC_BRIDGING_HEADER = "SVProgressHUD/Splash-Bridging-Header.h";
				SWIFT_OPTIMIZATION_LEVEL = "-Onone";
				SWIFT_VERSION = 4.0;
				TARGETED_DEVICE_FAMILY = "1,2";
			};
			name = Debug;
		};
		3D05B5FB20737B9600BB888C /* Release */ = {
			isa = XCBuildConfiguration;
			baseConfigurationReference = CDC2D1279D181DA62A9BAB55 /* Pods-Splash.release.xcconfig */;
			buildSettings = {
				ASSETCATALOG_COMPILER_APPICON_NAME = AppIcon;
				CLANG_ENABLE_MODULES = YES;
				CODE_SIGN_STYLE = Automatic;
				DEVELOPMENT_TEAM = D2A5RB5J4C;
				INFOPLIST_FILE = Splash/Info.plist;
				IPHONEOS_DEPLOYMENT_TARGET = 11.2;
				LD_RUNPATH_SEARCH_PATHS = "$(inherited) @executable_path/Frameworks";
				PRODUCT_BUNDLE_IDENTIFIER = com.phdang.Splash;
				PRODUCT_NAME = "$(TARGET_NAME)";
				SWIFT_OBJC_BRIDGING_HEADER = "SVProgressHUD/Splash-Bridging-Header.h";
				SWIFT_VERSION = 4.0;
				TARGETED_DEVICE_FAMILY = "1,2";
			};
			name = Release;
		};
/* End XCBuildConfiguration section */

/* Begin XCConfigurationList section */
		3D05B5E220737B9600BB888C /* Build configuration list for PBXProject "Splash" */ = {
			isa = XCConfigurationList;
			buildConfigurations = (
				3D05B5F720737B9600BB888C /* Debug */,
				3D05B5F820737B9600BB888C /* Release */,
			);
			defaultConfigurationIsVisible = 0;
			defaultConfigurationName = Release;
		};
		3D05B5F920737B9600BB888C /* Build configuration list for PBXNativeTarget "Splash" */ = {
			isa = XCConfigurationList;
			buildConfigurations = (
				3D05B5FA20737B9600BB888C /* Debug */,
				3D05B5FB20737B9600BB888C /* Release */,
			);
			defaultConfigurationIsVisible = 0;
			defaultConfigurationName = Release;
		};
/* End XCConfigurationList section */
	};
	rootObject = 3D05B5DF20737B9600BB888C /* Project object */;
}
